PODS:
  - PhoneNumberKit (1.4.0):
    - PhoneNumberKit/PhoneNumberKitCore (= 1.4.0)
    - PhoneNumberKit/UIKit (= 1.4.0)
  - PhoneNumberKit/PhoneNumberKitCore (1.4.0)
  - PhoneNumberKit/UIKit (1.4.0):
    - PhoneNumberKit/PhoneNumberKitCore

DEPENDENCIES:
  - PhoneNumberKit

SPEC CHECKSUMS:
  PhoneNumberKit: a739c359d05701e2e9745654f53e7c64379c2516

PODFILE CHECKSUM: 468118d78fd2f89b9a57a5a97aaaa74460798399

COCOAPODS: 1.2.1
